// !$*UTF8*$!
{
	archiveVersion = 1;
	classes = {
	};
	objectVersion = 46;
	objects = {

/* Begin PBXBuildFile section */
		0011DB4F1CF7F9FC00A14CED /* PopulationController.swift in Sources */ = {isa = PBXBuildFile; fileRef = 0011DB4E1CF7F9FC00A14CED /* PopulationController.swift */; };
		0011DB5A1CF822C300A14CED /* BlurImage.swift in Sources */ = {isa = PBXBuildFile; fileRef = 0011DB591CF822C300A14CED /* BlurImage.swift */; };
		00190AAC1CF5084200858AF5 /* AppDelegate.swift in Sources */ = {isa = PBXBuildFile; fileRef = 00190AAB1CF5084200858AF5 /* AppDelegate.swift */; };
		00190AAE1CF5084200858AF5 /* ViewController.swift in Sources */ = {isa = PBXBuildFile; fileRef = 00190AAD1CF5084200858AF5 /* ViewController.swift */; };
		00190AB31CF5084200858AF5 /* Assets.xcassets in Resources */ = {isa = PBXBuildFile; fileRef = 00190AB21CF5084200858AF5 /* Assets.xcassets */; };
		00190AB61CF5084300858AF5 /* LaunchScreen.storyboard in Resources */ = {isa = PBXBuildFile; fileRef = 00190AB41CF5084300858AF5 /* LaunchScreen.storyboard */; };
		00190AC11CF5084300858AF5 /* nyc_appTests.swift in Sources */ = {isa = PBXBuildFile; fileRef = 00190AC01CF5084300858AF5 /* nyc_appTests.swift */; };
		00190ACC1CF5084300858AF5 /* nyc_appUITests.swift in Sources */ = {isa = PBXBuildFile; fileRef = 00190ACB1CF5084300858AF5 /* nyc_appUITests.swift */; };
		00190ADA1CF54F6300858AF5 /* Box.swift in Sources */ = {isa = PBXBuildFile; fileRef = 00190AD91CF54F6300858AF5 /* Box.swift */; };
		00190ADC1CF551EE00858AF5 /* Main.storyboard in Resources */ = {isa = PBXBuildFile; fileRef = 00190ADB1CF551EE00858AF5 /* Main.storyboard */; };
		00190ADE1CF5760F00858AF5 /* VC.swift in Sources */ = {isa = PBXBuildFile; fileRef = 00190ADD1CF5760F00858AF5 /* VC.swift */; };
/* End PBXBuildFile section */

/* Begin PBXContainerItemProxy section */
		00190ABD1CF5084300858AF5 /* PBXContainerItemProxy */ = {
			isa = PBXContainerItemProxy;
			containerPortal = 00190AA01CF5084100858AF5 /* Project object */;
			proxyType = 1;
			remoteGlobalIDString = 00190AA71CF5084100858AF5;
			remoteInfo = "nyc-app";
		};
		00190AC81CF5084300858AF5 /* PBXContainerItemProxy */ = {
			isa = PBXContainerItemProxy;
			containerPortal = 00190AA01CF5084100858AF5 /* Project object */;
			proxyType = 1;
			remoteGlobalIDString = 00190AA71CF5084100858AF5;
			remoteInfo = "nyc-app";
		};
/* End PBXContainerItemProxy section */

/* Begin PBXFileReference section */
		0011DB4E1CF7F9FC00A14CED /* PopulationController.swift */ = {isa = PBXFileReference; fileEncoding = 4; lastKnownFileType = sourcecode.swift; path = PopulationController.swift; sourceTree = "<group>"; };
		0011DB591CF822C300A14CED /* BlurImage.swift */ = {isa = PBXFileReference; fileEncoding = 4; lastKnownFileType = sourcecode.swift; path = BlurImage.swift; sourceTree = "<group>"; };
		00190AA81CF5084100858AF5 /* nyc-app.app */ = {isa = PBXFileReference; explicitFileType = wrapper.application; includeInIndex = 0; path = "nyc-app.app"; sourceTree = BUILT_PRODUCTS_DIR; };
		00190AAB1CF5084200858AF5 /* AppDelegate.swift */ = {isa = PBXFileReference; lastKnownFileType = sourcecode.swift; path = AppDelegate.swift; sourceTree = "<group>"; };
		00190AAD1CF5084200858AF5 /* ViewController.swift */ = {isa = PBXFileReference; lastKnownFileType = sourcecode.swift; path = ViewController.swift; sourceTree = "<group>"; };
		00190AB21CF5084200858AF5 /* Assets.xcassets */ = {isa = PBXFileReference; lastKnownFileType = folder.assetcatalog; path = Assets.xcassets; sourceTree = "<group>"; };
		00190AB51CF5084300858AF5 /* Base */ = {isa = PBXFileReference; lastKnownFileType = file.storyboard; name = Base; path = Base.lproj/LaunchScreen.storyboard; sourceTree = "<group>"; };
		00190AB71CF5084300858AF5 /* Info.plist */ = {isa = PBXFileReference; lastKnownFileType = text.plist.xml; path = Info.plist; sourceTree = "<group>"; };
		00190ABC1CF5084300858AF5 /* nyc-appTests.xctest */ = {isa = PBXFileReference; explicitFileType = wrapper.cfbundle; includeInIndex = 0; path = "nyc-appTests.xctest"; sourceTree = BUILT_PRODUCTS_DIR; };
		00190AC01CF5084300858AF5 /* nyc_appTests.swift */ = {isa = PBXFileReference; lastKnownFileType = sourcecode.swift; path = nyc_appTests.swift; sourceTree = "<group>"; };
		00190AC21CF5084300858AF5 /* Info.plist */ = {isa = PBXFileReference; lastKnownFileType = text.plist.xml; path = Info.plist; sourceTree = "<group>"; };
		00190AC71CF5084300858AF5 /* nyc-appUITests.xctest */ = {isa = PBXFileReference; explicitFileType = wrapper.cfbundle; includeInIndex = 0; path = "nyc-appUITests.xctest"; sourceTree = BUILT_PRODUCTS_DIR; };
		00190ACB1CF5084300858AF5 /* nyc_appUITests.swift */ = {isa = PBXFileReference; lastKnownFileType = sourcecode.swift; path = nyc_appUITests.swift; sourceTree = "<group>"; };
		00190ACD1CF5084300858AF5 /* Info.plist */ = {isa = PBXFileReference; lastKnownFileType = text.plist.xml; path = Info.plist; sourceTree = "<group>"; };
		00190AD91CF54F6300858AF5 /* Box.swift */ = {isa = PBXFileReference; fileEncoding = 4; lastKnownFileType = sourcecode.swift; path = Box.swift; sourceTree = "<group>"; };
		00190ADB1CF551EE00858AF5 /* Main.storyboard */ = {isa = PBXFileReference; fileEncoding = 4; lastKnownFileType = file.storyboard; path = Main.storyboard; sourceTree = "<group>"; };
		00190ADD1CF5760F00858AF5 /* VC.swift */ = {isa = PBXFileReference; fileEncoding = 4; lastKnownFileType = sourcecode.swift; path = VC.swift; sourceTree = "<group>"; };
/* End PBXFileReference section */

/* Begin PBXFrameworksBuildPhase section */
		00190AA51CF5084100858AF5 /* Frameworks */ = {
			isa = PBXFrameworksBuildPhase;
			buildActionMask = 2147483647;
			files = (
			);
			runOnlyForDeploymentPostprocessing = 0;
		};
		00190AB91CF5084300858AF5 /* Frameworks */ = {
			isa = PBXFrameworksBuildPhase;
			buildActionMask = 2147483647;
			files = (
			);
			runOnlyForDeploymentPostprocessing = 0;
		};
		00190AC41CF5084300858AF5 /* Frameworks */ = {
			isa = PBXFrameworksBuildPhase;
			buildActionMask = 2147483647;
			files = (
			);
			runOnlyForDeploymentPostprocessing = 0;
		};
/* End PBXFrameworksBuildPhase section */

/* Begin PBXGroup section */
		0011DB521CF7FA8B00A14CED /* Model */ = {
			isa = PBXGroup;
			children = (
				0011DB591CF822C300A14CED /* BlurImage.swift */,
			);
			name = Model;
			sourceTree = "<group>";
		};
		0011DB531CF7FA9000A14CED /* View */ = {
			isa = PBXGroup;
			children = (
				00190ADB1CF551EE00858AF5 /* Main.storyboard */,
				00190AB41CF5084300858AF5 /* LaunchScreen.storyboard */,
			);
			name = View;
			sourceTree = "<group>";
		};
		0011DB541CF7FA9A00A14CED /* Controller */ = {
			isa = PBXGroup;
			children = (
				00190AAD1CF5084200858AF5 /* ViewController.swift */,
				00190ADD1CF5760F00858AF5 /* VC.swift */,
				0011DB4E1CF7F9FC00A14CED /* PopulationController.swift */,
			);
			name = Controller;
			sourceTree = "<group>";
		};
		00190A9F1CF5084100858AF5 = {
			isa = PBXGroup;
			children = (
				00190AAA1CF5084100858AF5 /* nyc-app */,
				00190ABF1CF5084300858AF5 /* nyc-appTests */,
				00190ACA1CF5084300858AF5 /* nyc-appUITests */,
				00190AA91CF5084100858AF5 /* Products */,
			);
			sourceTree = "<group>";
		};
		00190AA91CF5084100858AF5 /* Products */ = {
			isa = PBXGroup;
			children = (
				00190AA81CF5084100858AF5 /* nyc-app.app */,
				00190ABC1CF5084300858AF5 /* nyc-appTests.xctest */,
				00190AC71CF5084300858AF5 /* nyc-appUITests.xctest */,
			);
			name = Products;
			sourceTree = "<group>";
		};
		00190AAA1CF5084100858AF5 /* nyc-app */ = {
			isa = PBXGroup;
			children = (
				0011DB531CF7FA9000A14CED /* View */,
				0011DB541CF7FA9A00A14CED /* Controller */,
				0011DB521CF7FA8B00A14CED /* Model */,
				00190AAB1CF5084200858AF5 /* AppDelegate.swift */,
				00190AD91CF54F6300858AF5 /* Box.swift */,
				00190AB21CF5084200858AF5 /* Assets.xcassets */,
				00190AB71CF5084300858AF5 /* Info.plist */,
			);
			path = "nyc-app";
			sourceTree = "<group>";
		};
		00190ABF1CF5084300858AF5 /* nyc-appTests */ = {
			isa = PBXGroup;
			children = (
				00190AC01CF5084300858AF5 /* nyc_appTests.swift */,
				00190AC21CF5084300858AF5 /* Info.plist */,
			);
			path = "nyc-appTests";
			sourceTree = "<group>";
		};
		00190ACA1CF5084300858AF5 /* nyc-appUITests */ = {
			isa = PBXGroup;
			children = (
				00190ACB1CF5084300858AF5 /* nyc_appUITests.swift */,
				00190ACD1CF5084300858AF5 /* Info.plist */,
			);
			path = "nyc-appUITests";
			sourceTree = "<group>";
		};
/* End PBXGroup section */

/* Begin PBXNativeTarget section */
		00190AA71CF5084100858AF5 /* nyc-app */ = {
			isa = PBXNativeTarget;
			buildConfigurationList = 00190AD01CF5084300858AF5 /* Build configuration list for PBXNativeTarget "nyc-app" */;
			buildPhases = (
				00190AA41CF5084100858AF5 /* Sources */,
				00190AA51CF5084100858AF5 /* Frameworks */,
				00190AA61CF5084100858AF5 /* Resources */,
			);
			buildRules = (
			);
			dependencies = (
			);
			name = "nyc-app";
			productName = "nyc-app";
			productReference = 00190AA81CF5084100858AF5 /* nyc-app.app */;
			productType = "com.apple.product-type.application";
		};
		00190ABB1CF5084300858AF5 /* nyc-appTests */ = {
			isa = PBXNativeTarget;
			buildConfigurationList = 00190AD31CF5084300858AF5 /* Build configuration list for PBXNativeTarget "nyc-appTests" */;
			buildPhases = (
				00190AB81CF5084300858AF5 /* Sources */,
				00190AB91CF5084300858AF5 /* Frameworks */,
				00190ABA1CF5084300858AF5 /* Resources */,
			);
			buildRules = (
			);
			dependencies = (
				00190ABE1CF5084300858AF5 /* PBXTargetDependency */,
			);
			name = "nyc-appTests";
			productName = "nyc-appTests";
			productReference = 00190ABC1CF5084300858AF5 /* nyc-appTests.xctest */;
			productType = "com.apple.product-type.bundle.unit-test";
		};
		00190AC61CF5084300858AF5 /* nyc-appUITests */ = {
			isa = PBXNativeTarget;
			buildConfigurationList = 00190AD61CF5084300858AF5 /* Build configuration list for PBXNativeTarget "nyc-appUITests" */;
			buildPhases = (
				00190AC31CF5084300858AF5 /* Sources */,
				00190AC41CF5084300858AF5 /* Frameworks */,
				00190AC51CF5084300858AF5 /* Resources */,
			);
			buildRules = (
			);
			dependencies = (
				00190AC91CF5084300858AF5 /* PBXTargetDependency */,
			);
			name = "nyc-appUITests";
			productName = "nyc-appUITests";
			productReference = 00190AC71CF5084300858AF5 /* nyc-appUITests.xctest */;
			productType = "com.apple.product-type.bundle.ui-testing";
		};
/* End PBXNativeTarget section */

/* Begin PBXProject section */
		00190AA01CF5084100858AF5 /* Project object */ = {
			isa = PBXProject;
			attributes = {
				LastSwiftUpdateCheck = 0730;
				LastUpgradeCheck = 0730;
				ORGANIZATIONNAME = "Sagar Arora ";
				TargetAttributes = {
					00190AA71CF5084100858AF5 = {
						CreatedOnToolsVersion = 7.3;
					};
					00190ABB1CF5084300858AF5 = {
						CreatedOnToolsVersion = 7.3;
						TestTargetID = 00190AA71CF5084100858AF5;
					};
					00190AC61CF5084300858AF5 = {
						CreatedOnToolsVersion = 7.3;
						TestTargetID = 00190AA71CF5084100858AF5;
					};
				};
			};
			buildConfigurationList = 00190AA31CF5084100858AF5 /* Build configuration list for PBXProject "nyc-app" */;
			compatibilityVersion = "Xcode 3.2";
			developmentRegion = English;
			hasScannedForEncodings = 0;
			knownRegions = (
				en,
				Base,
			);
			mainGroup = 00190A9F1CF5084100858AF5;
			productRefGroup = 00190AA91CF5084100858AF5 /* Products */;
			projectDirPath = "";
			projectRoot = "";
			targets = (
				00190AA71CF5084100858AF5 /* nyc-app */,
				00190ABB1CF5084300858AF5 /* nyc-appTests */,
				00190AC61CF5084300858AF5 /* nyc-appUITests */,
			);
		};
/* End PBXProject section */

/* Begin PBXResourcesBuildPhase section */
		00190AA61CF5084100858AF5 /* Resources */ = {
			isa = PBXResourcesBuildPhase;
			buildActionMask = 2147483647;
			files = (
				00190AB61CF5084300858AF5 /* LaunchScreen.storyboard in Resources */,
				00190ADC1CF551EE00858AF5 /* Main.storyboard in Resources */,
				00190AB31CF5084200858AF5 /* Assets.xcassets in Resources */,
			);
			runOnlyForDeploymentPostprocessing = 0;
		};
		00190ABA1CF5084300858AF5 /* Resources */ = {
			isa = PBXResourcesBuildPhase;
			buildActionMask = 2147483647;
			files = (
			);
			runOnlyForDeploymentPostprocessing = 0;
		};
		00190AC51CF5084300858AF5 /* Resources */ = {
			isa = PBXResourcesBuildPhase;
			buildActionMask = 2147483647;
			files = (
			);
			runOnlyForDeploymentPostprocessing = 0;
		};
/* End PBXResourcesBuildPhase section */

/* Begin PBXSourcesBuildPhase section */
		00190AA41CF5084100858AF5 /* Sources */ = {
			isa = PBXSourcesBuildPhase;
			buildActionMask = 2147483647;
			files = (
				00190ADE1CF5760F00858AF5 /* VC.swift in Sources */,
				00190ADA1CF54F6300858AF5 /* Box.swift in Sources */,
				0011DB4F1CF7F9FC00A14CED /* PopulationController.swift in Sources */,
				00190AAE1CF5084200858AF5 /* ViewController.swift in Sources */,
				00190AAC1CF5084200858AF5 /* AppDelegate.swift in Sources */,
				0011DB5A1CF822C300A14CED /* BlurImage.swift in Sources */,
			);
			runOnlyForDeploymentPostprocessing = 0;
		};
		00190AB81CF5084300858AF5 /* Sources */ = {
			isa = PBXSourcesBuildPhase;
			buildActionMask = 2147483647;
			files = (
				00190AC11CF5084300858AF5 /* nyc_appTests.swift in Sources */,
			);
			runOnlyForDeploymentPostprocessing = 0;
		};
		00190AC31CF5084300858AF5 /* Sources */ = {
			isa = PBXSourcesBuildPhase;
			buildActionMask = 2147483647;
			files = (
				00190ACC1CF5084300858AF5 /* nyc_appUITests.swift in Sources */,
			);
			runOnlyForDeploymentPostprocessing = 0;
		};
/* End PBXSourcesBuildPhase section */

/* Begin PBXTargetDependency section */
		00190ABE1CF5084300858AF5 /* PBXTargetDependency */ = {
			isa = PBXTargetDependency;
			target = 00190AA71CF5084100858AF5 /* nyc-app */;
			targetProxy = 00190ABD1CF5084300858AF5 /* PBXContainerItemProxy */;
		};
		00190AC91CF5084300858AF5 /* PBXTargetDependency */ = {
			isa = PBXTargetDependency;
			target = 00190AA71CF5084100858AF5 /* nyc-app */;
			targetProxy = 00190AC81CF5084300858AF5 /* PBXContainerItemProxy */;
		};
/* End PBXTargetDependency section */

/* Begin PBXVariantGroup section */
		00190AB41CF5084300858AF5 /* LaunchScreen.storyboard */ = {
			isa = PBXVariantGroup;
			children = (
				00190AB51CF5084300858AF5 /* Base */,
			);
			name = LaunchScreen.storyboard;
			sourceTree = "<group>";
		};
/* End PBXVariantGroup section */

/* Begin XCBuildConfiguration section */
		00190ACE1CF5084300858AF5 /* Debug */ = {
			isa = XCBuildConfiguration;
			buildSettings = {
				ALWAYS_SEARCH_USER_PATHS = NO;
				CLANG_ANALYZER_NONNULL = YES;
				CLANG_CXX_LANGUAGE_STANDARD = "gnu++0x";
				CLANG_CXX_LIBRARY = "libc++";
				CLANG_ENABLE_MODULES = YES;
				CLANG_ENABLE_OBJC_ARC = YES;
				CLANG_WARN_BOOL_CONVERSION = YES;
				CLANG_WARN_CONSTANT_CONVERSION = YES;
				CLANG_WARN_DIRECT_OBJC_ISA_USAGE = YES_ERROR;
				CLANG_WARN_EMPTY_BODY = YES;
				CLANG_WARN_ENUM_CONVERSION = YES;
				CLANG_WARN_INT_CONVERSION = YES;
				CLANG_WARN_OBJC_ROOT_CLASS = YES_ERROR;
				CLANG_WARN_UNREACHABLE_CODE = YES;
				CLANG_WARN__DUPLICATE_METHOD_MATCH = YES;
				"CODE_SIGN_IDENTITY[sdk=iphoneos*]" = "iPhone Developer";
				COPY_PHASE_STRIP = NO;
				DEBUG_INFORMATION_FORMAT = dwarf;
				ENABLE_STRICT_OBJC_MSGSEND = YES;
				ENABLE_TESTABILITY = YES;
				GCC_C_LANGUAGE_STANDARD = gnu99;
				GCC_DYNAMIC_NO_PIC = NO;
				GCC_NO_COMMON_BLOCKS = YES;
				GCC_OPTIMIZATION_LEVEL = 0;
				GCC_PREPROCESSOR_DEFINITIONS = (
					"DEBUG=1",
					"$(inherited)",
				);
				GCC_WARN_64_TO_32_BIT_CONVERSION = YES;
				GCC_WARN_ABOUT_RETURN_TYPE = YES_ERROR;
				GCC_WARN_UNDECLARED_SELECTOR = YES;
				GCC_WARN_UNINITIALIZED_AUTOS = YES_AGGRESSIVE;
				GCC_WARN_UNUSED_FUNCTION = YES;
				GCC_WARN_UNUSED_VARIABLE = YES;
				IPHONEOS_DEPLOYMENT_TARGET = 9.3;
				MTL_ENABLE_DEBUG_INFO = YES;
				ONLY_ACTIVE_ARCH = YES;
				SDKROOT = iphoneos;
				SWIFT_OPTIMIZATION_LEVEL = "-Onone";
				TARGETED_DEVICE_FAMILY = "1,2";
			};
			name = Debug;
		};
		00190ACF1CF5084300858AF5 /* Release */ = {
			isa = XCBuildConfiguration;
			buildSettings = {
				ALWAYS_SEARCH_USER_PATHS = NO;
				CLANG_ANALYZER_NONNULL = YES;
				CLANG_CXX_LANGUAGE_STANDARD = "gnu++0x";
				CLANG_CXX_LIBRARY = "libc++";
				CLANG_ENABLE_MODULES = YES;
				CLANG_ENABLE_OBJC_ARC = YES;
				CLANG_WARN_BOOL_CONVERSION = YES;
				CLANG_WARN_CONSTANT_CONVERSION = YES;
				CLANG_WARN_DIRECT_OBJC_ISA_USAGE = YES_ERROR;
				CLANG_WARN_EMPTY_BODY = YES;
				CLANG_WARN_ENUM_CONVERSION = YES;
				CLANG_WARN_INT_CONVERSION = YES;
				CLANG_WARN_OBJC_ROOT_CLASS = YES_ERROR;
				CLANG_WARN_UNREACHABLE_CODE = YES;
				CLANG_WARN__DUPLICATE_METHOD_MATCH = YES;
				"CODE_SIGN_IDENTITY[sdk=iphoneos*]" = "iPhone Developer";
				COPY_PHASE_STRIP = NO;
				DEBUG_INFORMATION_FORMAT = "dwarf-with-dsym";
				ENABLE_NS_ASSERTIONS = NO;
				ENABLE_STRICT_OBJC_MSGSEND = YES;
				GCC_C_LANGUAGE_STANDARD = gnu99;
				GCC_NO_COMMON_BLOCKS = YES;
				GCC_WARN_64_TO_32_BIT_CONVERSION = YES;
				GCC_WARN_ABOUT_RETURN_TYPE = YES_ERROR;
				GCC_WARN_UNDECLARED_SELECTOR = YES;
				GCC_WARN_UNINITIALIZED_AUTOS = YES_AGGRESSIVE;
				GCC_WARN_UNUSED_FUNCTION = YES;
				GCC_WARN_UNUSED_VARIABLE = YES;
				IPHONEOS_DEPLOYMENT_TARGET = 9.3;
				MTL_ENABLE_DEBUG_INFO = NO;
				SDKROOT = iphoneos;
				TARGETED_DEVICE_FAMILY = "1,2";
				VALIDATE_PRODUCT = YES;
			};
			name = Release;
		};
		00190AD11CF5084300858AF5 /* Debug */ = {
			isa = XCBuildConfiguration;
			buildSettings = {
				ASSETCATALOG_COMPILER_APPICON_NAME = AppIcon;
				INFOPLIST_FILE = "nyc-app/Info.plist";
				LD_RUNPATH_SEARCH_PATHS = "$(inherited) @executable_path/Frameworks";
				PRODUCT_BUNDLE_IDENTIFIER = "com.arora.nyc-app";
				PRODUCT_NAME = "$(TARGET_NAME)";
			};
			name = Debug;
		};
		00190AD21CF5084300858AF5 /* Release */ = {
			isa = XCBuildConfiguration;
			buildSettings = {
				ASSETCATALOG_COMPILER_APPICON_NAME = AppIcon;
				INFOPLIST_FILE = "nyc-app/Info.plist";
				LD_RUNPATH_SEARCH_PATHS = "$(inherited) @executable_path/Frameworks";
				PRODUCT_BUNDLE_IDENTIFIER = "com.arora.nyc-app";
				PRODUCT_NAME = "$(TARGET_NAME)";
			};
			name = Release;
		};
		00190AD41CF5084300858AF5 /* Debug */ = {
			isa = XCBuildConfiguration;
			buildSettings = {
				BUNDLE_LOADER = "$(TEST_HOST)";
				INFOPLIST_FILE = "nyc-appTests/Info.plist";
				LD_RUNPATH_SEARCH_PATHS = "$(inherited) @executable_path/Frameworks @loader_path/Frameworks";
				PRODUCT_BUNDLE_IDENTIFIER = "com.arora.nyc-appTests";
				PRODUCT_NAME = "$(TARGET_NAME)";
				TEST_HOST = "$(BUILT_PRODUCTS_DIR)/nyc-app.app/nyc-app";
			};
			name = Debug;
		};
		00190AD51CF5084300858AF5 /* Release */ = {
			isa = XCBuildConfiguration;
			buildSettings = {
				BUNDLE_LOADER = "$(TEST_HOST)";
				INFOPLIST_FILE = "nyc-appTests/Info.plist";
				LD_RUNPATH_SEARCH_PATHS = "$(inherited) @executable_path/Frameworks @loader_path/Frameworks";
				PRODUCT_BUNDLE_IDENTIFIER = "com.arora.nyc-appTests";
				PRODUCT_NAME = "$(TARGET_NAME)";
				TEST_HOST = "$(BUILT_PRODUCTS_DIR)/nyc-app.app/nyc-app";
			};
			name = Release;
		};
		00190AD71CF5084300858AF5 /* Debug */ = {
			isa = XCBuildConfiguration;
			buildSettings = {
				INFOPLIST_FILE = "nyc-appUITests/Info.plist";
				LD_RUNPATH_SEARCH_PATHS = "$(inherited) @executable_path/Frameworks @loader_path/Frameworks";
				PRODUCT_BUNDLE_IDENTIFIER = "com.arora.nyc-appUITests";
				PRODUCT_NAME = "$(TARGET_NAME)";
				TEST_TARGET_NAME = "nyc-app";
			};
			name = Debug;
		};
		00190AD81CF5084300858AF5 /* Release */ = {
			isa = XCBuildConfiguration;
			buildSettings = {
				INFOPLIST_FILE = "nyc-appUITests/Info.plist";
				LD_RUNPATH_SEARCH_PATHS = "$(inherited) @executable_path/Frameworks @loader_path/Frameworks";
				PRODUCT_BUNDLE_IDENTIFIER = "com.arora.nyc-appUITests";
				PRODUCT_NAME = "$(TARGET_NAME)";
				TEST_TARGET_NAME = "nyc-app";
			};
			name = Release;
		};
/* End XCBuildConfiguration section */

/* Begin XCConfigurationList section */
		00190AA31CF5084100858AF5 /* Build configuration list for PBXProject "nyc-app" */ = {
			isa = XCConfigurationList;
			buildConfigurations = (
				00190ACE1CF5084300858AF5 /* Debug */,
				00190ACF1CF5084300858AF5 /* Release */,
			);
			defaultConfigurationIsVisible = 0;
			defaultConfigurationName = Release;
		};
		00190AD01CF5084300858AF5 /* Build configuration list for PBXNativeTarget "nyc-app" */ = {
			isa = XCConfigurationList;
			buildConfigurations = (
				00190AD11CF5084300858AF5 /* Debug */,
				00190AD21CF5084300858AF5 /* Release */,
			);
			defaultConfigurationIsVisible = 0;
			defaultConfigurationName = Release;
		};
		00190AD31CF5084300858AF5 /* Build configuration list for PBXNativeTarget "nyc-appTests" */ = {
			isa = XCConfigurationList;
			buildConfigurations = (
				00190AD41CF5084300858AF5 /* Debug */,
				00190AD51CF5084300858AF5 /* Release */,
			);
			defaultConfigurationIsVisible = 0;
			defaultConfigurationName = Release;
		};
		00190AD61CF5084300858AF5 /* Build configuration list for PBXNativeTarget "nyc-appUITests" */ = {
			isa = XCConfigurationList;
			buildConfigurations = (
				00190AD71CF5084300858AF5 /* Debug */,
				00190AD81CF5084300858AF5 /* Release */,
			);
			defaultConfigurationIsVisible = 0;
			defaultConfigurationName = Release;
		};
/* End XCConfigurationList section */
	};
	rootObject = 00190AA01CF5084100858AF5 /* Project object */;
}
